{
  "name": "pi-extensions",
  "lockfileVersion": 3,
  "requires": true,
  "packages": {
    "": {
      "name": "pi-extensions",
      "dependencies": {
        "pi-subagents": "^0.11.0"
      }
    },
    "node_modules/pi-subagents": {
      "version": "0.11.0",
      "resolved": "https://registry.npmjs.org/pi-subagents/-/pi-subagents-0.11.0.tgz",
      "integrity": "sha512-aRRvG8dOC1NCEUO1eTB950kXlYOXrXm68+WIMZ3ffLe1hmRGNQdJVV9C4tIgl6dRrv3rkYtHfnnFbvY++INV3Q==",
      "license": "MIT",
      "bin": {
        "pi-subagents": "install.mjs"
      }
    }
  }
}
