{
  "name": "pi-extensions",
  "lockfileVersion": 3,
  "requires": true,
  "packages": {
    "": {
      "name": "pi-extensions",
      "dependencies": {
        "pi-subagents": "^0.11.12"
      }
    },
    "node_modules/pi-subagents": {
      "version": "0.11.12",
      "resolved": "https://registry.npmjs.org/pi-subagents/-/pi-subagents-0.11.12.tgz",
      "integrity": "sha512-LpozMBzQ1lpBhdsd2jzcjxgzg0COrwtz8p23L/DNCZGx5RtwaJOqo7gt78hHZ3Zujd8pIHgU8eU/5QiVBJLsWg==",
      "license": "MIT",
      "bin": {
        "pi-subagents": "install.mjs"
      }
    }
  }
}
